{
  "name": "data-async-iterators",
  "version": "0.5.6",
  "lockfileVersion": 1,
  "requires": true,
  "dependencies": {
    "@pedromsilva/data-either": {
      "version": "0.0.2",
      "resolved": "https://registry.npmjs.org/@pedromsilva/data-either/-/data-either-0.0.2.tgz",
      "integrity": "sha512-WQU4L2GtE7l8W+RaL9gEt2F95xq7KcS6+tBnbviYb5dXp/ziB6I/FzIP1j27EB0BGEnDaNypASAhG7AgguDi3A=="
    },
    "@pedromsilva/data-future": {
      "version": "1.0.0",
      "resolved": "https://registry.npmjs.org/@pedromsilva/data-future/-/data-future-1.0.0.tgz",
      "integrity": "sha512-rUtFZJHrCHlfaIoKnb8q1fx6aY/RT/lmJOJ3JlvyAK8OOfpGVJUW0LqqII1NUAaawrngNCFvTM67RI6zdMt6dQ=="
    },
    "@types/node": {
      "version": "8.10.11",
      "resolved": "https://registry.npmjs.org/@types/node/-/node-8.10.11.tgz",
      "integrity": "sha512-FM7tvbjbn2BUzM/Qsdk9LUGq3zeh7li8NcHoS398dBzqLzfmSqSP1+yKbMRTCcZzLcu2JAR5lq3IKIEYkto7iQ==",
      "dev": true
    },
    "data-cancel-token": {
      "version": "0.5.3",
      "resolved": "https://registry.npmjs.org/data-cancel-token/-/data-cancel-token-0.5.3.tgz",
      "integrity": "sha512-0sh7rgrjEQEh7L48hMxVCa9BchyWYXov//5nIXUeL3QA6JjzjBoaZyS/GiA/eU2IHswxjzmZCcW64NsoV7AMug==",
      "requires": {
        "@pedromsilva/data-future": "^1.0.0"
      }
    },
    "data-optional": {
      "version": "0.0.2",
      "resolved": "https://registry.npmjs.org/data-optional/-/data-optional-0.0.2.tgz",
      "integrity": "sha1-LUuary8jdLl9AdEHPyQXXe7iVnI="
    },
    "data-semaphore": {
      "version": "0.3.7",
      "resolved": "https://registry.npmjs.org/data-semaphore/-/data-semaphore-0.3.7.tgz",
      "integrity": "sha512-rqjjJRk6hyvMxpCB5ytqIQFYJpnnNqAkt553FYQIF7txPwjuMKAfY/JDNK0j34CMEo1Zr2S/0w4C5sdRgQs7qQ==",
      "requires": {
        "@pedromsilva/data-future": "^1.0.0"
      }
    },
    "eventemitter3": {
      "version": "3.0.1",
      "resolved": "https://registry.npmjs.org/eventemitter3/-/eventemitter3-3.0.1.tgz",
      "integrity": "sha512-QOCPu979MMWX9XNlfRZoin+Wm+bK1SP7vv3NGUniYwuSJK/+cPA10blMaeRgzg31RvoSFk6FsCDVa4vNryBTGA=="
    }
  }
}
